
Microsoft Visual Studio Solution File, Format Version 12.00
# Visual Studio 2012
Project("{FAE04EC0-301F-11D3-BF4B-00C04F79EFBC}") = "CSharp.Readability", "CSharp.Readability\CSharp.Readability.csproj", "{0FF28DB6-7608-4874-9EDB-E4F32AD0C574}"
EndProject
Project("{FAE04EC0-301F-11D3-BF4B-00C04F79EFBC}") = "CSharp.Readability.MVC 3 Example", "CSharp.Readability.MVC 3 Example\CSharp.Readability.MVC 3 Example.csproj", "{1503A117-EE29-439B-BB12-B643754C9678}"
EndProject
Project("{FAE04EC0-301F-11D3-BF4B-00C04F79EFBC}") = "CSharp.Readability.Console Example", "CSharp.Readability.Console Example\CSharp.Readability.Console Example.csproj", "{A59AAED3-BD15-4042-A9A4-7046C571CFE6}"
EndProject
Global
	GlobalSection(SolutionConfigurationPlatforms) = preSolution
		Debug|Any CPU = Debug|Any CPU
		Debug|Mixed Platforms = Debug|Mixed Platforms
		Debug|x86 = Debug|x86
		Release|Any CPU = Release|Any CPU
		Release|Mixed Platforms = Release|Mixed Platforms
		Release|x86 = Release|x86
	EndGlobalSection
	GlobalSection(ProjectConfigurationPlatforms) = postSolution
		{0FF28DB6-7608-4874-9EDB-E4F32AD0C574}.Debug|Any CPU.ActiveCfg = Debug|Any CPU
		{0FF28DB6-7608-4874-9EDB-E4F32AD0C574}.Debug|Any CPU.Build.0 = Debug|Any CPU
		{0FF28DB6-7608-4874-9EDB-E4F32AD0C574}.Debug|Mixed Platforms.ActiveCfg = Debug|Any CPU
		{0FF28DB6-7608-4874-9EDB-E4F32AD0C574}.Debug|Mixed Platforms.Build.0 = Debug|Any CPU
		{0FF28DB6-7608-4874-9EDB-E4F32AD0C574}.Debug|x86.ActiveCfg = Debug|Any CPU
		{0FF28DB6-7608-4874-9EDB-E4F32AD0C574}.Release|Any CPU.ActiveCfg = Release|Any CPU
		{0FF28DB6-7608-4874-9EDB-E4F32AD0C574}.Release|Any CPU.Build.0 = Release|Any CPU
		{0FF28DB6-7608-4874-9EDB-E4F32AD0C574}.Release|Mixed Platforms.ActiveCfg = Release|Any CPU
		{0FF28DB6-7608-4874-9EDB-E4F32AD0C574}.Release|Mixed Platforms.Build.0 = Release|Any CPU
		{0FF28DB6-7608-4874-9EDB-E4F32AD0C574}.Release|x86.ActiveCfg = Release|Any CPU
		{1503A117-EE29-439B-BB12-B643754C9678}.Debug|Any CPU.ActiveCfg = Debug|Any CPU
		{1503A117-EE29-439B-BB12-B643754C9678}.Debug|Any CPU.Build.0 = Debug|Any CPU
		{1503A117-EE29-439B-BB12-B643754C9678}.Debug|Mixed Platforms.ActiveCfg = Debug|Any CPU
		{1503A117-EE29-439B-BB12-B643754C9678}.Debug|Mixed Platforms.Build.0 = Debug|Any CPU
		{1503A117-EE29-439B-BB12-B643754C9678}.Debug|x86.ActiveCfg = Debug|Any CPU
		{1503A117-EE29-439B-BB12-B643754C9678}.Release|Any CPU.ActiveCfg = Release|Any CPU
		{1503A117-EE29-439B-BB12-B643754C9678}.Release|Any CPU.Build.0 = Release|Any CPU
		{1503A117-EE29-439B-BB12-B643754C9678}.Release|Mixed Platforms.ActiveCfg = Release|Any CPU
		{1503A117-EE29-439B-BB12-B643754C9678}.Release|Mixed Platforms.Build.0 = Release|Any CPU
		{1503A117-EE29-439B-BB12-B643754C9678}.Release|x86.ActiveCfg = Release|Any CPU
		{A59AAED3-BD15-4042-A9A4-7046C571CFE6}.Debug|Any CPU.ActiveCfg = Debug|x86
		{A59AAED3-BD15-4042-A9A4-7046C571CFE6}.Debug|Mixed Platforms.ActiveCfg = Debug|x86
		{A59AAED3-BD15-4042-A9A4-7046C571CFE6}.Debug|Mixed Platforms.Build.0 = Debug|x86
		{A59AAED3-BD15-4042-A9A4-7046C571CFE6}.Debug|x86.ActiveCfg = Debug|x86
		{A59AAED3-BD15-4042-A9A4-7046C571CFE6}.Debug|x86.Build.0 = Debug|x86
		{A59AAED3-BD15-4042-A9A4-7046C571CFE6}.Release|Any CPU.ActiveCfg = Release|x86
		{A59AAED3-BD15-4042-A9A4-7046C571CFE6}.Release|Mixed Platforms.ActiveCfg = Release|x86
		{A59AAED3-BD15-4042-A9A4-7046C571CFE6}.Release|Mixed Platforms.Build.0 = Release|x86
		{A59AAED3-BD15-4042-A9A4-7046C571CFE6}.Release|x86.ActiveCfg = Release|x86
		{A59AAED3-BD15-4042-A9A4-7046C571CFE6}.Release|x86.Build.0 = Release|x86
	EndGlobalSection
	GlobalSection(SolutionProperties) = preSolution
		HideSolutionNode = FALSE
	EndGlobalSection
EndGlobal
